{
	"name": "process-lang",
	"version": "1.0.0",
	"lockfileVersion": 1,
	"requires": true,
	"dependencies": {
		"chevrotain": {
			"version": "4.3.1",
			"resolved": "https://registry.npmjs.org/chevrotain/-/chevrotain-4.3.1.tgz",
			"integrity": "sha512-fnGkBicAT0ED8k45SZQoSMWA7UZSh8x5qTaTWGp/fRf8iNAuUPkyS2wXKCy+pmTYxK3RNRKt0yAJc79e21uCmA==",
			"requires": {
				"regexp-to-ast": "0.4.0"
			}
		},
		"regexp-to-ast": {
			"version": "0.4.0",
			"resolved": "https://registry.npmjs.org/regexp-to-ast/-/regexp-to-ast-0.4.0.tgz",
			"integrity": "sha512-4qf/7IsIKfSNHQXSwial1IFmfM1Cc/whNBQqRwe0V2stPe7KmN1U0tWQiIx6JiirgSrisjE0eECdNf7Tav1Ntw=="
		}
	}
}
